
Microsoft Visual Studio Solution File, Format Version 12.00
# Visual Studio 15
VisualStudioVersion = 15.0.27703.2035
MinimumVisualStudioVersion = 10.0.40219.1
Project("{FAE04EC0-301F-11D3-BF4B-00C04F79EFBC}") = "ManagingConfigurationsFormsVS.Android", "ManagingConfigurationsFormsVS\ManagingConfigurationsFormsVS.Android\ManagingConfigurationsFormsVS.Android.csproj", "{FB760B59-5685-4EC2-95CB-BA342F06DCA3}"
EndProject
Project("{FAE04EC0-301F-11D3-BF4B-00C04F79EFBC}") = "ManagingConfigurationsFormsVS.iOS", "ManagingConfigurationsFormsVS\ManagingConfigurationsFormsVS.iOS\ManagingConfigurationsFormsVS.iOS.csproj", "{CA646C07-FB52-4FE4-B24A-107E3DB22D53}"
EndProject
Project("{FAE04EC0-301F-11D3-BF4B-00C04F79EFBC}") = "ManagingConfigurationsFormsVS.UWP", "ManagingConfigurationsFormsVS\ManagingConfigurationsFormsVS.UWP\ManagingConfigurationsFormsVS.UWP.csproj", "{CB0543C4-3576-4D39-BB7F-58FC5465D93C}"
EndProject
Project("{D954291E-2A0B-460D-934E-DC6B0785DB48}") = "ManagingConfigurationsFormsVS", "ManagingConfigurationsFormsVS\ManagingConfigurationsFormsVS\ManagingConfigurationsFormsVS.shproj", "{E8EE4D53-EBC8-43DF-90C2-8C0E835D358A}"
EndProject
Global
	GlobalSection(SharedMSBuildProjectFiles) = preSolution
		ManagingConfigurationsFormsVS\ManagingConfigurationsFormsVS\ManagingConfigurationsFormsVS.projitems*{ca646c07-fb52-4fe4-b24a-107e3db22d53}*SharedItemsImports = 4
		ManagingConfigurationsFormsVS\ManagingConfigurationsFormsVS\ManagingConfigurationsFormsVS.projitems*{cb0543c4-3576-4d39-bb7f-58fc5465d93c}*SharedItemsImports = 4
		ManagingConfigurationsFormsVS\ManagingConfigurationsFormsVS\ManagingConfigurationsFormsVS.projitems*{e8ee4d53-ebc8-43df-90c2-8c0e835d358a}*SharedItemsImports = 13
		ManagingConfigurationsFormsVS\ManagingConfigurationsFormsVS\ManagingConfigurationsFormsVS.projitems*{fb760b59-5685-4ec2-95cb-ba342f06dca3}*SharedItemsImports = 4
	EndGlobalSection
	GlobalSection(SolutionConfigurationPlatforms) = preSolution
		Ad-Hoc|AndroidDevice = Ad-Hoc|AndroidDevice
		Ad-Hoc|AndroidEmulator = Ad-Hoc|AndroidEmulator
		Ad-Hoc|Any CPU = Ad-Hoc|Any CPU
		Ad-Hoc|ARM = Ad-Hoc|ARM
		Ad-Hoc|iPhone = Ad-Hoc|iPhone
		Ad-Hoc|iPhoneSimulator = Ad-Hoc|iPhoneSimulator
		Ad-Hoc|x64 = Ad-Hoc|x64
		Ad-Hoc|x86 = Ad-Hoc|x86
		AppStore|AndroidDevice = AppStore|AndroidDevice
		AppStore|AndroidEmulator = AppStore|AndroidEmulator
		AppStore|Any CPU = AppStore|Any CPU
		AppStore|ARM = AppStore|ARM
		AppStore|iPhone = AppStore|iPhone
		AppStore|iPhoneSimulator = AppStore|iPhoneSimulator
		AppStore|x64 = AppStore|x64
		AppStore|x86 = AppStore|x86
		Debug|AndroidDevice = Debug|AndroidDevice
		Debug|AndroidEmulator = Debug|AndroidEmulator
		Debug|Any CPU = Debug|Any CPU
		Debug|ARM = Debug|ARM
		Debug|iPhone = Debug|iPhone
		Debug|iPhoneSimulator = Debug|iPhoneSimulator
		Debug|x64 = Debug|x64
		Debug|x86 = Debug|x86
		Release|AndroidDevice = Release|AndroidDevice
		Release|AndroidEmulator = Release|AndroidEmulator
		Release|Any CPU = Release|Any CPU
		Release|ARM = Release|ARM
		Release|iPhone = Release|iPhone
		Release|iPhoneSimulator = Release|iPhoneSimulator
		Release|x64 = Release|x64
		Release|x86 = Release|x86
	EndGlobalSection
	GlobalSection(ProjectConfigurationPlatforms) = postSolution
		{FB760B59-5685-4EC2-95CB-BA342F06DCA3}.Ad-Hoc|AndroidDevice.ActiveCfg = Release|AndroidDevice
		{FB760B59-5685-4EC2-95CB-BA342F06DCA3}.Ad-Hoc|AndroidDevice.Build.0 = Release|AndroidDevice
		{FB760B59-5685-4EC2-95CB-BA342F06DCA3}.Ad-Hoc|AndroidDevice.Deploy.0 = Release|AndroidDevice
		{FB760B59-5685-4EC2-95CB-BA342F06DCA3}.Ad-Hoc|AndroidEmulator.ActiveCfg = Release|AndroidEmulator
		{FB760B59-5685-4EC2-95CB-BA342F06DCA3}.Ad-Hoc|AndroidEmulator.Build.0 = Release|AndroidEmulator
		{FB760B59-5685-4EC2-95CB-BA342F06DCA3}.Ad-Hoc|AndroidEmulator.Deploy.0 = Release|AndroidEmulator
		{FB760B59-5685-4EC2-95CB-BA342F06DCA3}.Ad-Hoc|Any CPU.ActiveCfg = Release|AndroidEmulator
		{FB760B59-5685-4EC2-95CB-BA342F06DCA3}.Ad-Hoc|Any CPU.Build.0 = Release|AndroidEmulator
		{FB760B59-5685-4EC2-95CB-BA342F06DCA3}.Ad-Hoc|Any CPU.Deploy.0 = Release|AndroidEmulator
		{FB760B59-5685-4EC2-95CB-BA342F06DCA3}.Ad-Hoc|ARM.ActiveCfg = Release|AndroidEmulator
		{FB760B59-5685-4EC2-95CB-BA342F06DCA3}.Ad-Hoc|ARM.Build.0 = Release|AndroidEmulator
		{FB760B59-5685-4EC2-95CB-BA342F06DCA3}.Ad-Hoc|ARM.Deploy.0 = Release|AndroidEmulator
		{FB760B59-5685-4EC2-95CB-BA342F06DCA3}.Ad-Hoc|iPhone.ActiveCfg = Release|AndroidEmulator
		{FB760B59-5685-4EC2-95CB-BA342F06DCA3}.Ad-Hoc|iPhone.Build.0 = Release|AndroidEmulator
		{FB760B59-5685-4EC2-95CB-BA342F06DCA3}.Ad-Hoc|iPhone.Deploy.0 = Release|AndroidEmulator
		{FB760B59-5685-4EC2-95CB-BA342F06DCA3}.Ad-Hoc|iPhoneSimulator.ActiveCfg = Release|AndroidEmulator
		{FB760B59-5685-4EC2-95CB-BA342F06DCA3}.Ad-Hoc|iPhoneSimulator.Build.0 = Release|AndroidEmulator
		{FB760B59-5685-4EC2-95CB-BA342F06DCA3}.Ad-Hoc|iPhoneSimulator.Deploy.0 = Release|AndroidEmulator
		{FB760B59-5685-4EC2-95CB-BA342F06DCA3}.Ad-Hoc|x64.ActiveCfg = Release|AndroidEmulator
		{FB760B59-5685-4EC2-95CB-BA342F06DCA3}.Ad-Hoc|x64.Build.0 = Release|AndroidEmulator
		{FB760B59-5685-4EC2-95CB-BA342F06DCA3}.Ad-Hoc|x64.Deploy.0 = Release|AndroidEmulator
		{FB760B59-5685-4EC2-95CB-BA342F06DCA3}.Ad-Hoc|x86.ActiveCfg = Release|AndroidEmulator
		{FB760B59-5685-4EC2-95CB-BA342F06DCA3}.Ad-Hoc|x86.Build.0 = Release|AndroidEmulator
		{FB760B59-5685-4EC2-95CB-BA342F06DCA3}.Ad-Hoc|x86.Deploy.0 = Release|AndroidEmulator
		{FB760B59-5685-4EC2-95CB-BA342F06DCA3}.AppStore|AndroidDevice.ActiveCfg = Release|AndroidDevice
		{FB760B59-5685-4EC2-95CB-BA342F06DCA3}.AppStore|AndroidDevice.Build.0 = Release|AndroidDevice
		{FB760B59-5685-4EC2-95CB-BA342F06DCA3}.AppStore|AndroidDevice.Deploy.0 = Release|AndroidDevice
		{FB760B59-5685-4EC2-95CB-BA342F06DCA3}.AppStore|AndroidEmulator.ActiveCfg = Release|AndroidEmulator
		{FB760B59-5685-4EC2-95CB-BA342F06DCA3}.AppStore|AndroidEmulator.Build.0 = Release|AndroidEmulator
		{FB760B59-5685-4EC2-95CB-BA342F06DCA3}.AppStore|AndroidEmulator.Deploy.0 = Release|AndroidEmulator
		{FB760B59-5685-4EC2-95CB-BA342F06DCA3}.AppStore|Any CPU.ActiveCfg = Release|AndroidEmulator
		{FB760B59-5685-4EC2-95CB-BA342F06DCA3}.AppStore|Any CPU.Build.0 = Release|AndroidEmulator
		{FB760B59-5685-4EC2-95CB-BA342F06DCA3}.AppStore|Any CPU.Deploy.0 = Release|AndroidEmulator
		{FB760B59-5685-4EC2-95CB-BA342F06DCA3}.AppStore|ARM.ActiveCfg = Release|AndroidEmulator
		{FB760B59-5685-4EC2-95CB-BA342F06DCA3}.AppStore|ARM.Build.0 = Release|AndroidEmulator
		{FB760B59-5685-4EC2-95CB-BA342F06DCA3}.AppStore|ARM.Deploy.0 = Release|AndroidEmulator
		{FB760B59-5685-4EC2-95CB-BA342F06DCA3}.AppStore|iPhone.ActiveCfg = Release|AndroidEmulator
		{FB760B59-5685-4EC2-95CB-BA342F06DCA3}.AppStore|iPhone.Build.0 = Release|AndroidEmulator
		{FB760B59-5685-4EC2-95CB-BA342F06DCA3}.AppStore|iPhone.Deploy.0 = Release|AndroidEmulator
		{FB760B59-5685-4EC2-95CB-BA342F06DCA3}.AppStore|iPhoneSimulator.ActiveCfg = Release|AndroidEmulator
		{FB760B59-5685-4EC2-95CB-BA342F06DCA3}.AppStore|iPhoneSimulator.Build.0 = Release|AndroidEmulator
		{FB760B59-5685-4EC2-95CB-BA342F06DCA3}.AppStore|iPhoneSimulator.Deploy.0 = Release|AndroidEmulator
		{FB760B59-5685-4EC2-95CB-BA342F06DCA3}.AppStore|x64.ActiveCfg = Release|AndroidEmulator
		{FB760B59-5685-4EC2-95CB-BA342F06DCA3}.AppStore|x64.Build.0 = Release|AndroidEmulator
		{FB760B59-5685-4EC2-95CB-BA342F06DCA3}.AppStore|x64.Deploy.0 = Release|AndroidEmulator
		{FB760B59-5685-4EC2-95CB-BA342F06DCA3}.AppStore|x86.ActiveCfg = Release|AndroidEmulator
		{FB760B59-5685-4EC2-95CB-BA342F06DCA3}.AppStore|x86.Build.0 = Release|AndroidEmulator
		{FB760B59-5685-4EC2-95CB-BA342F06DCA3}.AppStore|x86.Deploy.0 = Release|AndroidEmulator
		{FB760B59-5685-4EC2-95CB-BA342F06DCA3}.Debug|AndroidDevice.ActiveCfg = Debug|AndroidEmulator
		{FB760B59-5685-4EC2-95CB-BA342F06DCA3}.Debug|AndroidDevice.Build.0 = Debug|AndroidEmulator
		{FB760B59-5685-4EC2-95CB-BA342F06DCA3}.Debug|AndroidDevice.Deploy.0 = Debug|AndroidEmulator
		{FB760B59-5685-4EC2-95CB-BA342F06DCA3}.Debug|AndroidEmulator.ActiveCfg = Debug|AndroidEmulator
		{FB760B59-5685-4EC2-95CB-BA342F06DCA3}.Debug|AndroidEmulator.Build.0 = Debug|AndroidEmulator
		{FB760B59-5685-4EC2-95CB-BA342F06DCA3}.Debug|AndroidEmulator.Deploy.0 = Debug|AndroidEmulator
		{FB760B59-5685-4EC2-95CB-BA342F06DCA3}.Debug|Any CPU.ActiveCfg = Debug|AndroidDevice
		{FB760B59-5685-4EC2-95CB-BA342F06DCA3}.Debug|Any CPU.Build.0 = Debug|AndroidDevice
		{FB760B59-5685-4EC2-95CB-BA342F06DCA3}.Debug|Any CPU.Deploy.0 = Debug|AndroidDevice
		{FB760B59-5685-4EC2-95CB-BA342F06DCA3}.Debug|ARM.ActiveCfg = Debug|AndroidEmulator
		{FB760B59-5685-4EC2-95CB-BA342F06DCA3}.Debug|iPhone.ActiveCfg = Debug|AndroidEmulator
		{FB760B59-5685-4EC2-95CB-BA342F06DCA3}.Debug|iPhoneSimulator.ActiveCfg = Debug|AndroidEmulator
		{FB760B59-5685-4EC2-95CB-BA342F06DCA3}.Debug|x64.ActiveCfg = Debug|AndroidEmulator
		{FB760B59-5685-4EC2-95CB-BA342F06DCA3}.Debug|x86.ActiveCfg = Debug|AndroidEmulator
		{FB760B59-5685-4EC2-95CB-BA342F06DCA3}.Release|AndroidDevice.ActiveCfg = Release|AndroidDevice
		{FB760B59-5685-4EC2-95CB-BA342F06DCA3}.Release|AndroidDevice.Build.0 = Release|AndroidDevice
		{FB760B59-5685-4EC2-95CB-BA342F06DCA3}.Release|AndroidDevice.Deploy.0 = Release|AndroidDevice
		{FB760B59-5685-4EC2-95CB-BA342F06DCA3}.Release|AndroidEmulator.ActiveCfg = Release|AndroidEmulator
		{FB760B59-5685-4EC2-95CB-BA342F06DCA3}.Release|AndroidEmulator.Build.0 = Release|AndroidEmulator
		{FB760B59-5685-4EC2-95CB-BA342F06DCA3}.Release|AndroidEmulator.Deploy.0 = Release|AndroidEmulator
		{FB760B59-5685-4EC2-95CB-BA342F06DCA3}.Release|Any CPU.ActiveCfg = Release|AndroidEmulator
		{FB760B59-5685-4EC2-95CB-BA342F06DCA3}.Release|ARM.ActiveCfg = Release|AndroidEmulator
		{FB760B59-5685-4EC2-95CB-BA342F06DCA3}.Release|iPhone.ActiveCfg = Release|AndroidEmulator
		{FB760B59-5685-4EC2-95CB-BA342F06DCA3}.Release|iPhoneSimulator.ActiveCfg = Release|AndroidEmulator
		{FB760B59-5685-4EC2-95CB-BA342F06DCA3}.Release|x64.ActiveCfg = Release|AndroidEmulator
		{FB760B59-5685-4EC2-95CB-BA342F06DCA3}.Release|x86.ActiveCfg = Release|AndroidEmulator
		{CA646C07-FB52-4FE4-B24A-107E3DB22D53}.Ad-Hoc|AndroidDevice.ActiveCfg = Ad-Hoc|iPhone
		{CA646C07-FB52-4FE4-B24A-107E3DB22D53}.Ad-Hoc|AndroidDevice.Build.0 = Ad-Hoc|iPhone
		{CA646C07-FB52-4FE4-B24A-107E3DB22D53}.Ad-Hoc|AndroidDevice.Deploy.0 = Ad-Hoc|iPhone
		{CA646C07-FB52-4FE4-B24A-107E3DB22D53}.Ad-Hoc|AndroidEmulator.ActiveCfg = Ad-Hoc|iPhone
		{CA646C07-FB52-4FE4-B24A-107E3DB22D53}.Ad-Hoc|AndroidEmulator.Build.0 = Ad-Hoc|iPhone
		{CA646C07-FB52-4FE4-B24A-107E3DB22D53}.Ad-Hoc|AndroidEmulator.Deploy.0 = Ad-Hoc|iPhone
		{CA646C07-FB52-4FE4-B24A-107E3DB22D53}.Ad-Hoc|Any CPU.ActiveCfg = Ad-Hoc|iPhone
		{CA646C07-FB52-4FE4-B24A-107E3DB22D53}.Ad-Hoc|Any CPU.Build.0 = Ad-Hoc|iPhone
		{CA646C07-FB52-4FE4-B24A-107E3DB22D53}.Ad-Hoc|Any CPU.Deploy.0 = Ad-Hoc|iPhone
		{CA646C07-FB52-4FE4-B24A-107E3DB22D53}.Ad-Hoc|ARM.ActiveCfg = Ad-Hoc|iPhone
		{CA646C07-FB52-4FE4-B24A-107E3DB22D53}.Ad-Hoc|ARM.Build.0 = Ad-Hoc|iPhone
		{CA646C07-FB52-4FE4-B24A-107E3DB22D53}.Ad-Hoc|ARM.Deploy.0 = Ad-Hoc|iPhone
		{CA646C07-FB52-4FE4-B24A-107E3DB22D53}.Ad-Hoc|iPhone.ActiveCfg = Ad-Hoc|iPhone
		{CA646C07-FB52-4FE4-B24A-107E3DB22D53}.Ad-Hoc|iPhone.Build.0 = Ad-Hoc|iPhone
		{CA646C07-FB52-4FE4-B24A-107E3DB22D53}.Ad-Hoc|iPhone.Deploy.0 = Ad-Hoc|iPhone
		{CA646C07-FB52-4FE4-B24A-107E3DB22D53}.Ad-Hoc|iPhoneSimulator.ActiveCfg = Ad-Hoc|iPhoneSimulator
		{CA646C07-FB52-4FE4-B24A-107E3DB22D53}.Ad-Hoc|iPhoneSimulator.Build.0 = Ad-Hoc|iPhoneSimulator
		{CA646C07-FB52-4FE4-B24A-107E3DB22D53}.Ad-Hoc|iPhoneSimulator.Deploy.0 = Ad-Hoc|iPhoneSimulator
		{CA646C07-FB52-4FE4-B24A-107E3DB22D53}.Ad-Hoc|x64.ActiveCfg = Ad-Hoc|iPhone
		{CA646C07-FB52-4FE4-B24A-107E3DB22D53}.Ad-Hoc|x64.Build.0 = Ad-Hoc|iPhone
		{CA646C07-FB52-4FE4-B24A-107E3DB22D53}.Ad-Hoc|x64.Deploy.0 = Ad-Hoc|iPhone
		{CA646C07-FB52-4FE4-B24A-107E3DB22D53}.Ad-Hoc|x86.ActiveCfg = Ad-Hoc|iPhone
		{CA646C07-FB52-4FE4-B24A-107E3DB22D53}.Ad-Hoc|x86.Build.0 = Ad-Hoc|iPhone
		{CA646C07-FB52-4FE4-B24A-107E3DB22D53}.Ad-Hoc|x86.Deploy.0 = Ad-Hoc|iPhone
		{CA646C07-FB52-4FE4-B24A-107E3DB22D53}.AppStore|AndroidDevice.ActiveCfg = AppStore|iPhone
		{CA646C07-FB52-4FE4-B24A-107E3DB22D53}.AppStore|AndroidDevice.Build.0 = AppStore|iPhone
		{CA646C07-FB52-4FE4-B24A-107E3DB22D53}.AppStore|AndroidDevice.Deploy.0 = AppStore|iPhone
		{CA646C07-FB52-4FE4-B24A-107E3DB22D53}.AppStore|AndroidEmulator.ActiveCfg = AppStore|iPhone
		{CA646C07-FB52-4FE4-B24A-107E3DB22D53}.AppStore|AndroidEmulator.Build.0 = AppStore|iPhone
		{CA646C07-FB52-4FE4-B24A-107E3DB22D53}.AppStore|AndroidEmulator.Deploy.0 = AppStore|iPhone
		{CA646C07-FB52-4FE4-B24A-107E3DB22D53}.AppStore|Any CPU.ActiveCfg = AppStore|iPhone
		{CA646C07-FB52-4FE4-B24A-107E3DB22D53}.AppStore|Any CPU.Build.0 = AppStore|iPhone
		{CA646C07-FB52-4FE4-B24A-107E3DB22D53}.AppStore|Any CPU.Deploy.0 = AppStore|iPhone
		{CA646C07-FB52-4FE4-B24A-107E3DB22D53}.AppStore|ARM.ActiveCfg = AppStore|iPhone
		{CA646C07-FB52-4FE4-B24A-107E3DB22D53}.AppStore|ARM.Build.0 = AppStore|iPhone
		{CA646C07-FB52-4FE4-B24A-107E3DB22D53}.AppStore|ARM.Deploy.0 = AppStore|iPhone
		{CA646C07-FB52-4FE4-B24A-107E3DB22D53}.AppStore|iPhone.ActiveCfg = AppStore|iPhone
		{CA646C07-FB52-4FE4-B24A-107E3DB22D53}.AppStore|iPhone.Build.0 = AppStore|iPhone
		{CA646C07-FB52-4FE4-B24A-107E3DB22D53}.AppStore|iPhone.Deploy.0 = AppStore|iPhone
		{CA646C07-FB52-4FE4-B24A-107E3DB22D53}.AppStore|iPhoneSimulator.ActiveCfg = AppStore|iPhoneSimulator
		{CA646C07-FB52-4FE4-B24A-107E3DB22D53}.AppStore|iPhoneSimulator.Build.0 = AppStore|iPhoneSimulator
		{CA646C07-FB52-4FE4-B24A-107E3DB22D53}.AppStore|iPhoneSimulator.Deploy.0 = AppStore|iPhoneSimulator
		{CA646C07-FB52-4FE4-B24A-107E3DB22D53}.AppStore|x64.ActiveCfg = AppStore|iPhone
		{CA646C07-FB52-4FE4-B24A-107E3DB22D53}.AppStore|x64.Build.0 = AppStore|iPhone
		{CA646C07-FB52-4FE4-B24A-107E3DB22D53}.AppStore|x64.Deploy.0 = AppStore|iPhone
		{CA646C07-FB52-4FE4-B24A-107E3DB22D53}.AppStore|x86.ActiveCfg = AppStore|iPhone
		{CA646C07-FB52-4FE4-B24A-107E3DB22D53}.AppStore|x86.Build.0 = AppStore|iPhone
		{CA646C07-FB52-4FE4-B24A-107E3DB22D53}.AppStore|x86.Deploy.0 = AppStore|iPhone
		{CA646C07-FB52-4FE4-B24A-107E3DB22D53}.Debug|AndroidDevice.ActiveCfg = Debug|iPhoneSimulator
		{CA646C07-FB52-4FE4-B24A-107E3DB22D53}.Debug|AndroidDevice.Build.0 = Debug|iPhoneSimulator
		{CA646C07-FB52-4FE4-B24A-107E3DB22D53}.Debug|AndroidDevice.Deploy.0 = Debug|iPhoneSimulator
		{CA646C07-FB52-4FE4-B24A-107E3DB22D53}.Debug|AndroidEmulator.ActiveCfg = Debug|iPhoneSimulator
		{CA646C07-FB52-4FE4-B24A-107E3DB22D53}.Debug|AndroidEmulator.Build.0 = Debug|iPhoneSimulator
		{CA646C07-FB52-4FE4-B24A-107E3DB22D53}.Debug|AndroidEmulator.Deploy.0 = Debug|iPhoneSimulator
		{CA646C07-FB52-4FE4-B24A-107E3DB22D53}.Debug|Any CPU.ActiveCfg = Debug|iPhoneSimulator
		{CA646C07-FB52-4FE4-B24A-107E3DB22D53}.Debug|Any CPU.Build.0 = Debug|iPhoneSimulator
		{CA646C07-FB52-4FE4-B24A-107E3DB22D53}.Debug|Any CPU.Deploy.0 = Debug|iPhoneSimulator
		{CA646C07-FB52-4FE4-B24A-107E3DB22D53}.Debug|ARM.ActiveCfg = Debug|iPhone
		{CA646C07-FB52-4FE4-B24A-107E3DB22D53}.Debug|ARM.Build.0 = Debug|iPhone
		{CA646C07-FB52-4FE4-B24A-107E3DB22D53}.Debug|ARM.Deploy.0 = Debug|iPhone
		{CA646C07-FB52-4FE4-B24A-107E3DB22D53}.Debug|iPhone.ActiveCfg = Debug|iPhone
		{CA646C07-FB52-4FE4-B24A-107E3DB22D53}.Debug|iPhone.Build.0 = Debug|iPhone
		{CA646C07-FB52-4FE4-B24A-107E3DB22D53}.Debug|iPhone.Deploy.0 = Debug|iPhone
		{CA646C07-FB52-4FE4-B24A-107E3DB22D53}.Debug|iPhoneSimulator.ActiveCfg = Debug|iPhoneSimulator
		{CA646C07-FB52-4FE4-B24A-107E3DB22D53}.Debug|iPhoneSimulator.Build.0 = Debug|iPhoneSimulator
		{CA646C07-FB52-4FE4-B24A-107E3DB22D53}.Debug|iPhoneSimulator.Deploy.0 = Debug|iPhoneSimulator
		{CA646C07-FB52-4FE4-B24A-107E3DB22D53}.Debug|x64.ActiveCfg = Debug|iPhone
		{CA646C07-FB52-4FE4-B24A-107E3DB22D53}.Debug|x64.Build.0 = Debug|iPhone
		{CA646C07-FB52-4FE4-B24A-107E3DB22D53}.Debug|x64.Deploy.0 = Debug|iPhone
		{CA646C07-FB52-4FE4-B24A-107E3DB22D53}.Debug|x86.ActiveCfg = Debug|iPhone
		{CA646C07-FB52-4FE4-B24A-107E3DB22D53}.Debug|x86.Build.0 = Debug|iPhone
		{CA646C07-FB52-4FE4-B24A-107E3DB22D53}.Debug|x86.Deploy.0 = Debug|iPhone
		{CA646C07-FB52-4FE4-B24A-107E3DB22D53}.Release|AndroidDevice.ActiveCfg = Release|iPhone
		{CA646C07-FB52-4FE4-B24A-107E3DB22D53}.Release|AndroidDevice.Build.0 = Release|iPhone
		{CA646C07-FB52-4FE4-B24A-107E3DB22D53}.Release|AndroidDevice.Deploy.0 = Release|iPhone
		{CA646C07-FB52-4FE4-B24A-107E3DB22D53}.Release|AndroidEmulator.ActiveCfg = Release|iPhone
		{CA646C07-FB52-4FE4-B24A-107E3DB22D53}.Release|AndroidEmulator.Build.0 = Release|iPhone
		{CA646C07-FB52-4FE4-B24A-107E3DB22D53}.Release|AndroidEmulator.Deploy.0 = Release|iPhone
		{CA646C07-FB52-4FE4-B24A-107E3DB22D53}.Release|Any CPU.ActiveCfg = Release|iPhone
		{CA646C07-FB52-4FE4-B24A-107E3DB22D53}.Release|Any CPU.Build.0 = Release|iPhone
		{CA646C07-FB52-4FE4-B24A-107E3DB22D53}.Release|Any CPU.Deploy.0 = Release|iPhone
		{CA646C07-FB52-4FE4-B24A-107E3DB22D53}.Release|ARM.ActiveCfg = Release|iPhone
		{CA646C07-FB52-4FE4-B24A-107E3DB22D53}.Release|ARM.Build.0 = Release|iPhone
		{CA646C07-FB52-4FE4-B24A-107E3DB22D53}.Release|ARM.Deploy.0 = Release|iPhone
		{CA646C07-FB52-4FE4-B24A-107E3DB22D53}.Release|iPhone.ActiveCfg = Release|iPhone
		{CA646C07-FB52-4FE4-B24A-107E3DB22D53}.Release|iPhone.Build.0 = Release|iPhone
		{CA646C07-FB52-4FE4-B24A-107E3DB22D53}.Release|iPhone.Deploy.0 = Release|iPhone
		{CA646C07-FB52-4FE4-B24A-107E3DB22D53}.Release|iPhoneSimulator.ActiveCfg = Release|iPhoneSimulator
		{CA646C07-FB52-4FE4-B24A-107E3DB22D53}.Release|iPhoneSimulator.Build.0 = Release|iPhoneSimulator
		{CA646C07-FB52-4FE4-B24A-107E3DB22D53}.Release|iPhoneSimulator.Deploy.0 = Release|iPhoneSimulator
		{CA646C07-FB52-4FE4-B24A-107E3DB22D53}.Release|x64.ActiveCfg = Release|iPhone
		{CA646C07-FB52-4FE4-B24A-107E3DB22D53}.Release|x64.Build.0 = Release|iPhone
		{CA646C07-FB52-4FE4-B24A-107E3DB22D53}.Release|x64.Deploy.0 = Release|iPhone
		{CA646C07-FB52-4FE4-B24A-107E3DB22D53}.Release|x86.ActiveCfg = Release|iPhone
		{CA646C07-FB52-4FE4-B24A-107E3DB22D53}.Release|x86.Build.0 = Release|iPhone
		{CA646C07-FB52-4FE4-B24A-107E3DB22D53}.Release|x86.Deploy.0 = Release|iPhone
		{CB0543C4-3576-4D39-BB7F-58FC5465D93C}.Ad-Hoc|AndroidDevice.ActiveCfg = Release|x86
		{CB0543C4-3576-4D39-BB7F-58FC5465D93C}.Ad-Hoc|AndroidDevice.Build.0 = Release|x86
		{CB0543C4-3576-4D39-BB7F-58FC5465D93C}.Ad-Hoc|AndroidDevice.Deploy.0 = Release|x86
		{CB0543C4-3576-4D39-BB7F-58FC5465D93C}.Ad-Hoc|AndroidEmulator.ActiveCfg = Release|x86
		{CB0543C4-3576-4D39-BB7F-58FC5465D93C}.Ad-Hoc|AndroidEmulator.Build.0 = Release|x86
		{CB0543C4-3576-4D39-BB7F-58FC5465D93C}.Ad-Hoc|AndroidEmulator.Deploy.0 = Release|x86
		{CB0543C4-3576-4D39-BB7F-58FC5465D93C}.Ad-Hoc|Any CPU.ActiveCfg = Release|x86
		{CB0543C4-3576-4D39-BB7F-58FC5465D93C}.Ad-Hoc|Any CPU.Build.0 = Release|x86
		{CB0543C4-3576-4D39-BB7F-58FC5465D93C}.Ad-Hoc|Any CPU.Deploy.0 = Release|x86
		{CB0543C4-3576-4D39-BB7F-58FC5465D93C}.Ad-Hoc|ARM.ActiveCfg = Release|ARM
		{CB0543C4-3576-4D39-BB7F-58FC5465D93C}.Ad-Hoc|ARM.Build.0 = Release|ARM
		{CB0543C4-3576-4D39-BB7F-58FC5465D93C}.Ad-Hoc|ARM.Deploy.0 = Release|ARM
		{CB0543C4-3576-4D39-BB7F-58FC5465D93C}.Ad-Hoc|iPhone.ActiveCfg = Release|x86
		{CB0543C4-3576-4D39-BB7F-58FC5465D93C}.Ad-Hoc|iPhone.Build.0 = Release|x86
		{CB0543C4-3576-4D39-BB7F-58FC5465D93C}.Ad-Hoc|iPhone.Deploy.0 = Release|x86
		{CB0543C4-3576-4D39-BB7F-58FC5465D93C}.Ad-Hoc|iPhoneSimulator.ActiveCfg = Release|x86
		{CB0543C4-3576-4D39-BB7F-58FC5465D93C}.Ad-Hoc|iPhoneSimulator.Build.0 = Release|x86
		{CB0543C4-3576-4D39-BB7F-58FC5465D93C}.Ad-Hoc|iPhoneSimulator.Deploy.0 = Release|x86
		{CB0543C4-3576-4D39-BB7F-58FC5465D93C}.Ad-Hoc|x64.ActiveCfg = Release|x64
		{CB0543C4-3576-4D39-BB7F-58FC5465D93C}.Ad-Hoc|x64.Build.0 = Release|x64
		{CB0543C4-3576-4D39-BB7F-58FC5465D93C}.Ad-Hoc|x64.Deploy.0 = Release|x64
		{CB0543C4-3576-4D39-BB7F-58FC5465D93C}.Ad-Hoc|x86.ActiveCfg = Release|x86
		{CB0543C4-3576-4D39-BB7F-58FC5465D93C}.Ad-Hoc|x86.Build.0 = Release|x86
		{CB0543C4-3576-4D39-BB7F-58FC5465D93C}.Ad-Hoc|x86.Deploy.0 = Release|x86
		{CB0543C4-3576-4D39-BB7F-58FC5465D93C}.AppStore|AndroidDevice.ActiveCfg = Release|x86
		{CB0543C4-3576-4D39-BB7F-58FC5465D93C}.AppStore|AndroidDevice.Build.0 = Release|x86
		{CB0543C4-3576-4D39-BB7F-58FC5465D93C}.AppStore|AndroidDevice.Deploy.0 = Release|x86
		{CB0543C4-3576-4D39-BB7F-58FC5465D93C}.AppStore|AndroidEmulator.ActiveCfg = Release|x86
		{CB0543C4-3576-4D39-BB7F-58FC5465D93C}.AppStore|AndroidEmulator.Build.0 = Release|x86
		{CB0543C4-3576-4D39-BB7F-58FC5465D93C}.AppStore|AndroidEmulator.Deploy.0 = Release|x86
		{CB0543C4-3576-4D39-BB7F-58FC5465D93C}.AppStore|Any CPU.ActiveCfg = Release|x86
		{CB0543C4-3576-4D39-BB7F-58FC5465D93C}.AppStore|Any CPU.Build.0 = Release|x86
		{CB0543C4-3576-4D39-BB7F-58FC5465D93C}.AppStore|Any CPU.Deploy.0 = Release|x86
		{CB0543C4-3576-4D39-BB7F-58FC5465D93C}.AppStore|ARM.ActiveCfg = Release|ARM
		{CB0543C4-3576-4D39-BB7F-58FC5465D93C}.AppStore|ARM.Build.0 = Release|ARM
		{CB0543C4-3576-4D39-BB7F-58FC5465D93C}.AppStore|ARM.Deploy.0 = Release|ARM
		{CB0543C4-3576-4D39-BB7F-58FC5465D93C}.AppStore|iPhone.ActiveCfg = Release|x86
		{CB0543C4-3576-4D39-BB7F-58FC5465D93C}.AppStore|iPhone.Build.0 = Release|x86
		{CB0543C4-3576-4D39-BB7F-58FC5465D93C}.AppStore|iPhone.Deploy.0 = Release|x86
		{CB0543C4-3576-4D39-BB7F-58FC5465D93C}.AppStore|iPhoneSimulator.ActiveCfg = Release|x86
		{CB0543C4-3576-4D39-BB7F-58FC5465D93C}.AppStore|iPhoneSimulator.Build.0 = Release|x86
		{CB0543C4-3576-4D39-BB7F-58FC5465D93C}.AppStore|iPhoneSimulator.Deploy.0 = Release|x86
		{CB0543C4-3576-4D39-BB7F-58FC5465D93C}.AppStore|x64.ActiveCfg = Release|x64
		{CB0543C4-3576-4D39-BB7F-58FC5465D93C}.AppStore|x64.Build.0 = Release|x64
		{CB0543C4-3576-4D39-BB7F-58FC5465D93C}.AppStore|x64.Deploy.0 = Release|x64
		{CB0543C4-3576-4D39-BB7F-58FC5465D93C}.AppStore|x86.ActiveCfg = Release|x86
		{CB0543C4-3576-4D39-BB7F-58FC5465D93C}.AppStore|x86.Build.0 = Release|x86
		{CB0543C4-3576-4D39-BB7F-58FC5465D93C}.AppStore|x86.Deploy.0 = Release|x86
		{CB0543C4-3576-4D39-BB7F-58FC5465D93C}.Debug|AndroidDevice.ActiveCfg = Debug|x86
		{CB0543C4-3576-4D39-BB7F-58FC5465D93C}.Debug|AndroidDevice.Build.0 = Debug|x86
		{CB0543C4-3576-4D39-BB7F-58FC5465D93C}.Debug|AndroidDevice.Deploy.0 = Debug|x86
		{CB0543C4-3576-4D39-BB7F-58FC5465D93C}.Debug|AndroidEmulator.ActiveCfg = Debug|x86
		{CB0543C4-3576-4D39-BB7F-58FC5465D93C}.Debug|AndroidEmulator.Build.0 = Debug|x86
		{CB0543C4-3576-4D39-BB7F-58FC5465D93C}.Debug|AndroidEmulator.Deploy.0 = Debug|x86
		{CB0543C4-3576-4D39-BB7F-58FC5465D93C}.Debug|Any CPU.ActiveCfg = Debug|x86
		{CB0543C4-3576-4D39-BB7F-58FC5465D93C}.Debug|Any CPU.Build.0 = Debug|x86
		{CB0543C4-3576-4D39-BB7F-58FC5465D93C}.Debug|Any CPU.Deploy.0 = Debug|x86
		{CB0543C4-3576-4D39-BB7F-58FC5465D93C}.Debug|ARM.ActiveCfg = Debug|ARM
		{CB0543C4-3576-4D39-BB7F-58FC5465D93C}.Debug|ARM.Build.0 = Debug|ARM
		{CB0543C4-3576-4D39-BB7F-58FC5465D93C}.Debug|ARM.Deploy.0 = Debug|ARM
		{CB0543C4-3576-4D39-BB7F-58FC5465D93C}.Debug|iPhone.ActiveCfg = Debug|x86
		{CB0543C4-3576-4D39-BB7F-58FC5465D93C}.Debug|iPhone.Build.0 = Debug|x86
		{CB0543C4-3576-4D39-BB7F-58FC5465D93C}.Debug|iPhone.Deploy.0 = Debug|x86
		{CB0543C4-3576-4D39-BB7F-58FC5465D93C}.Debug|iPhoneSimulator.ActiveCfg = Debug|x86
		{CB0543C4-3576-4D39-BB7F-58FC5465D93C}.Debug|iPhoneSimulator.Build.0 = Debug|x86
		{CB0543C4-3576-4D39-BB7F-58FC5465D93C}.Debug|iPhoneSimulator.Deploy.0 = Debug|x86
		{CB0543C4-3576-4D39-BB7F-58FC5465D93C}.Debug|x64.ActiveCfg = Debug|x64
		{CB0543C4-3576-4D39-BB7F-58FC5465D93C}.Debug|x64.Build.0 = Debug|x64
		{CB0543C4-3576-4D39-BB7F-58FC5465D93C}.Debug|x64.Deploy.0 = Debug|x64
		{CB0543C4-3576-4D39-BB7F-58FC5465D93C}.Debug|x86.ActiveCfg = Debug|x86
		{CB0543C4-3576-4D39-BB7F-58FC5465D93C}.Debug|x86.Build.0 = Debug|x86
		{CB0543C4-3576-4D39-BB7F-58FC5465D93C}.Debug|x86.Deploy.0 = Debug|x86
		{CB0543C4-3576-4D39-BB7F-58FC5465D93C}.Release|AndroidDevice.ActiveCfg = Release|x86
		{CB0543C4-3576-4D39-BB7F-58FC5465D93C}.Release|AndroidDevice.Build.0 = Release|x86
		{CB0543C4-3576-4D39-BB7F-58FC5465D93C}.Release|AndroidDevice.Deploy.0 = Release|x86
		{CB0543C4-3576-4D39-BB7F-58FC5465D93C}.Release|AndroidEmulator.ActiveCfg = Release|x86
		{CB0543C4-3576-4D39-BB7F-58FC5465D93C}.Release|AndroidEmulator.Build.0 = Release|x86
		{CB0543C4-3576-4D39-BB7F-58FC5465D93C}.Release|AndroidEmulator.Deploy.0 = Release|x86
		{CB0543C4-3576-4D39-BB7F-58FC5465D93C}.Release|Any CPU.ActiveCfg = Release|x86
		{CB0543C4-3576-4D39-BB7F-58FC5465D93C}.Release|Any CPU.Build.0 = Release|x86
		{CB0543C4-3576-4D39-BB7F-58FC5465D93C}.Release|Any CPU.Deploy.0 = Release|x86
		{CB0543C4-3576-4D39-BB7F-58FC5465D93C}.Release|ARM.ActiveCfg = Release|ARM
		{CB0543C4-3576-4D39-BB7F-58FC5465D93C}.Release|ARM.Build.0 = Release|ARM
		{CB0543C4-3576-4D39-BB7F-58FC5465D93C}.Release|ARM.Deploy.0 = Release|ARM
		{CB0543C4-3576-4D39-BB7F-58FC5465D93C}.Release|iPhone.ActiveCfg = Release|x86
		{CB0543C4-3576-4D39-BB7F-58FC5465D93C}.Release|iPhone.Build.0 = Release|x86
		{CB0543C4-3576-4D39-BB7F-58FC5465D93C}.Release|iPhone.Deploy.0 = Release|x86
		{CB0543C4-3576-4D39-BB7F-58FC5465D93C}.Release|iPhoneSimulator.ActiveCfg = Release|x86
		{CB0543C4-3576-4D39-BB7F-58FC5465D93C}.Release|iPhoneSimulator.Build.0 = Release|x86
		{CB0543C4-3576-4D39-BB7F-58FC5465D93C}.Release|iPhoneSimulator.Deploy.0 = Release|x86
		{CB0543C4-3576-4D39-BB7F-58FC5465D93C}.Release|x64.ActiveCfg = Release|x64
		{CB0543C4-3576-4D39-BB7F-58FC5465D93C}.Release|x64.Build.0 = Release|x64
		{CB0543C4-3576-4D39-BB7F-58FC5465D93C}.Release|x64.Deploy.0 = Release|x64
		{CB0543C4-3576-4D39-BB7F-58FC5465D93C}.Release|x86.ActiveCfg = Release|x86
		{CB0543C4-3576-4D39-BB7F-58FC5465D93C}.Release|x86.Build.0 = Release|x86
		{CB0543C4-3576-4D39-BB7F-58FC5465D93C}.Release|x86.Deploy.0 = Release|x86
	EndGlobalSection
	GlobalSection(SolutionProperties) = preSolution
		HideSolutionNode = FALSE
	EndGlobalSection
	GlobalSection(ExtensibilityGlobals) = postSolution
		SolutionGuid = {971E1494-0974-497F-B0AA-89043FA92DC6}
	EndGlobalSection
EndGlobal
